// !$*UTF8*$!
{
	archiveVersion = 1;
	classes = {
	};
	objectVersion = 46;
	objects = {

/* Begin PBXBuildFile section */
		1D2057AA5E3C5679002A9353 /* Pods_YYImagePlaygrounds.framework in Frameworks */ = {isa = PBXBuildFile; fileRef = 1F23742CCF610333A6F869E7 /* Pods_YYImagePlaygrounds.framework */; };
		4EC74B1C1C9F9913007347DA /* AppDelegate.swift in Sources */ = {isa = PBXBuildFile; fileRef = 4EC74B1B1C9F9913007347DA /* AppDelegate.swift */; };
		4EC74B1E1C9F9913007347DA /* ViewController.swift in Sources */ = {isa = PBXBuildFile; fileRef = 4EC74B1D1C9F9913007347DA /* ViewController.swift */; };
		4EC74B211C9F9913007347DA /* Main.storyboard in Resources */ = {isa = PBXBuildFile; fileRef = 4EC74B1F1C9F9913007347DA /* Main.storyboard */; };
		4EC74B231C9F9913007347DA /* Assets.xcassets in Resources */ = {isa = PBXBuildFile; fileRef = 4EC74B221C9F9913007347DA /* Assets.xcassets */; };
		4EC74B261C9F9913007347DA /* LaunchScreen.storyboard in Resources */ = {isa = PBXBuildFile; fileRef = 4EC74B241C9F9913007347DA /* LaunchScreen.storyboard */; };
/* End PBXBuildFile section */

/* Begin PBXFileReference section */
		0CDE6024D30BF9C70369F511 /* Pods-YYImagePlaygrounds.debug.xcconfig */ = {isa = PBXFileReference; includeInIndex = 1; lastKnownFileType = text.xcconfig; name = "Pods-YYImagePlaygrounds.debug.xcconfig"; path = "Pods/Target Support Files/Pods-YYImagePlaygrounds/Pods-YYImagePlaygrounds.debug.xcconfig"; sourceTree = "<group>"; };
		1F23742CCF610333A6F869E7 /* Pods_YYImagePlaygrounds.framework */ = {isa = PBXFileReference; explicitFileType = wrapper.framework; includeInIndex = 0; path = Pods_YYImagePlaygrounds.framework; sourceTree = BUILT_PRODUCTS_DIR; };
		4EC74B181C9F9913007347DA /* YYImagePlaygrounds.app */ = {isa = PBXFileReference; explicitFileType = wrapper.application; includeInIndex = 0; path = YYImagePlaygrounds.app; sourceTree = BUILT_PRODUCTS_DIR; };
		4EC74B1B1C9F9913007347DA /* AppDelegate.swift */ = {isa = PBXFileReference; lastKnownFileType = sourcecode.swift; path = AppDelegate.swift; sourceTree = "<group>"; };
		4EC74B1D1C9F9913007347DA /* ViewController.swift */ = {isa = PBXFileReference; lastKnownFileType = sourcecode.swift; path = ViewController.swift; sourceTree = "<group>"; };
		4EC74B201C9F9913007347DA /* Base */ = {isa = PBXFileReference; lastKnownFileType = file.storyboard; name = Base; path = Base.lproj/Main.storyboard; sourceTree = "<group>"; };
		4EC74B221C9F9913007347DA /* Assets.xcassets */ = {isa = PBXFileReference; lastKnownFileType = folder.assetcatalog; path = Assets.xcassets; sourceTree = "<group>"; };
		4EC74B251C9F9913007347DA /* Base */ = {isa = PBXFileReference; lastKnownFileType = file.storyboard; name = Base; path = Base.lproj/LaunchScreen.storyboard; sourceTree = "<group>"; };
		4EC74B271C9F9913007347DA /* Info.plist */ = {isa = PBXFileReference; lastKnownFileType = text.plist.xml; path = Info.plist; sourceTree = "<group>"; };
		8159C785B5DD067FCD536AC5 /* Pods-YYImagePlaygrounds.release.xcconfig */ = {isa = PBXFileReference; includeInIndex = 1; lastKnownFileType = text.xcconfig; name = "Pods-YYImagePlaygrounds.release.xcconfig"; path = "Pods/Target Support Files/Pods-YYImagePlaygrounds/Pods-YYImagePlaygrounds.release.xcconfig"; sourceTree = "<group>"; };
/* End PBXFileReference section */

/* Begin PBXFrameworksBuildPhase section */
		4EC74B151C9F9913007347DA /* Frameworks */ = {
			isa = PBXFrameworksBuildPhase;
			buildActionMask = 2147483647;
			files = (
				1D2057AA5E3C5679002A9353 /* Pods_YYImagePlaygrounds.framework in Frameworks */,
			);
			runOnlyForDeploymentPostprocessing = 0;
		};
/* End PBXFrameworksBuildPhase section */

/* Begin PBXGroup section */
		4AF4E99D12A55FB7E2C78B11 /* Pods */ = {
			isa = PBXGroup;
			children = (
				0CDE6024D30BF9C70369F511 /* Pods-YYImagePlaygrounds.debug.xcconfig */,
				8159C785B5DD067FCD536AC5 /* Pods-YYImagePlaygrounds.release.xcconfig */,
			);
			name = Pods;
			sourceTree = "<group>";
		};
		4EC74B0F1C9F9913007347DA = {
			isa = PBXGroup;
			children = (
				4EC74B1A1C9F9913007347DA /* YYImagePlaygrounds */,
				4EC74B191C9F9913007347DA /* Products */,
				4AF4E99D12A55FB7E2C78B11 /* Pods */,
				8F3E7EDEE020A81084B2F9D9 /* Frameworks */,
			);
			sourceTree = "<group>";
		};
		4EC74B191C9F9913007347DA /* Products */ = {
			isa = PBXGroup;
			children = (
				4EC74B181C9F9913007347DA /* YYImagePlaygrounds.app */,
			);
			name = Products;
			sourceTree = "<group>";
		};
		4EC74B1A1C9F9913007347DA /* YYImagePlaygrounds */ = {
			isa = PBXGroup;
			children = (
				4EC74B1B1C9F9913007347DA /* AppDelegate.swift */,
				4EC74B1D1C9F9913007347DA /* ViewController.swift */,
				4EC74B1F1C9F9913007347DA /* Main.storyboard */,
				4EC74B221C9F9913007347DA /* Assets.xcassets */,
				4EC74B241C9F9913007347DA /* LaunchScreen.storyboard */,
				4EC74B271C9F9913007347DA /* Info.plist */,
			);
			path = YYImagePlaygrounds;
			sourceTree = "<group>";
		};
		8F3E7EDEE020A81084B2F9D9 /* Frameworks */ = {
			isa = PBXGroup;
			children = (
				1F23742CCF610333A6F869E7 /* Pods_YYImagePlaygrounds.framework */,
			);
			name = Frameworks;
			sourceTree = "<group>";
		};
/* End PBXGroup section */

/* Begin PBXNativeTarget section */
		4EC74B171C9F9913007347DA /* YYImagePlaygrounds */ = {
			isa = PBXNativeTarget;
			buildConfigurationList = 4EC74B2A1C9F9913007347DA /* Build configuration list for PBXNativeTarget "YYImagePlaygrounds" */;
			buildPhases = (
				BE63CF8E65097C4D7364C0C7 /* Check Pods Manifest.lock */,
				4EC74B141C9F9913007347DA /* Sources */,
				4EC74B151C9F9913007347DA /* Frameworks */,
				4EC74B161C9F9913007347DA /* Resources */,
				771070C5D3E2F2042C08F634 /* Embed Pods Frameworks */,
				F413E32FC905567E5643B3BB /* Copy Pods Resources */,
			);
			buildRules = (
			);
			dependencies = (
			);
			name = YYImagePlaygrounds;
			productName = YYImagePlaygrounds;
			productReference = 4EC74B181C9F9913007347DA /* YYImagePlaygrounds.app */;
			productType = "com.apple.product-type.application";
		};
/* End PBXNativeTarget section */

/* Begin PBXProject section */
		4EC74B101C9F9913007347DA /* Project object */ = {
			isa = PBXProject;
			attributes = {
				LastSwiftUpdateCheck = 0720;
				LastUpgradeCheck = 0720;
				ORGANIZATIONNAME = burt;
				TargetAttributes = {
					4EC74B171C9F9913007347DA = {
						CreatedOnToolsVersion = 7.2.1;
					};
				};
			};
			buildConfigurationList = 4EC74B131C9F9913007347DA /* Build configuration list for PBXProject "YYImagePlaygrounds" */;
			compatibilityVersion = "Xcode 3.2";
			developmentRegion = English;
			hasScannedForEncodings = 0;
			knownRegions = (
				en,
				Base,
			);
			mainGroup = 4EC74B0F1C9F9913007347DA;
			productRefGroup = 4EC74B191C9F9913007347DA /* Products */;
			projectDirPath = "";
			projectRoot = "";
			targets = (
				4EC74B171C9F9913007347DA /* YYImagePlaygrounds */,
			);
		};
/* End PBXProject section */

/* Begin PBXResourcesBuildPhase section */
		4EC74B161C9F9913007347DA /* Resources */ = {
			isa = PBXResourcesBuildPhase;
			buildActionMask = 2147483647;
			files = (
				4EC74B261C9F9913007347DA /* LaunchScreen.storyboard in Resources */,
				4EC74B231C9F9913007347DA /* Assets.xcassets in Resources */,
				4EC74B211C9F9913007347DA /* Main.storyboard in Resources */,
			);
			runOnlyForDeploymentPostprocessing = 0;
		};
/* End PBXResourcesBuildPhase section */

/* Begin PBXShellScriptBuildPhase section */
		771070C5D3E2F2042C08F634 /* Embed Pods Frameworks */ = {
			isa = PBXShellScriptBuildPhase;
			buildActionMask = 2147483647;
			files = (
			);
			inputPaths = (
			);
			name = "Embed Pods Frameworks";
			outputPaths = (
			);
			runOnlyForDeploymentPostprocessing = 0;
			shellPath = /bin/sh;
			shellScript = "\"${SRCROOT}/Pods/Target Support Files/Pods-YYImagePlaygrounds/Pods-YYImagePlaygrounds-frameworks.sh\"\n";
			showEnvVarsInLog = 0;
		};
		BE63CF8E65097C4D7364C0C7 /* Check Pods Manifest.lock */ = {
			isa = PBXShellScriptBuildPhase;
			buildActionMask = 2147483647;
			files = (
			);
			inputPaths = (
			);
			name = "Check Pods Manifest.lock";
			outputPaths = (
			);
			runOnlyForDeploymentPostprocessing = 0;
			shellPath = /bin/sh;
			shellScript = "diff \"${PODS_ROOT}/../Podfile.lock\" \"${PODS_ROOT}/Manifest.lock\" > /dev/null\nif [[ $? != 0 ]] ; then\n    cat << EOM\nerror: The sandbox is not in sync with the Podfile.lock. Run 'pod install' or update your CocoaPods installation.\nEOM\n    exit 1\nfi\n";
			showEnvVarsInLog = 0;
		};
		F413E32FC905567E5643B3BB /* Copy Pods Resources */ = {
			isa = PBXShellScriptBuildPhase;
			buildActionMask = 2147483647;
			files = (
			);
			inputPaths = (
			);
			name = "Copy Pods Resources";
			outputPaths = (
			);
			runOnlyForDeploymentPostprocessing = 0;
			shellPath = /bin/sh;
			shellScript = "\"${SRCROOT}/Pods/Target Support Files/Pods-YYImagePlaygrounds/Pods-YYImagePlaygrounds-resources.sh\"\n";
			showEnvVarsInLog = 0;
		};
/* End PBXShellScriptBuildPhase section */

/* Begin PBXSourcesBuildPhase section */
		4EC74B141C9F9913007347DA /* Sources */ = {
			isa = PBXSourcesBuildPhase;
			buildActionMask = 2147483647;
			files = (
				4EC74B1E1C9F9913007347DA /* ViewController.swift in Sources */,
				4EC74B1C1C9F9913007347DA /* AppDelegate.swift in Sources */,
			);
			runOnlyForDeploymentPostprocessing = 0;
		};
/* End PBXSourcesBuildPhase section */

/* Begin PBXVariantGroup section */
		4EC74B1F1C9F9913007347DA /* Main.storyboard */ = {
			isa = PBXVariantGroup;
			children = (
				4EC74B201C9F9913007347DA /* Base */,
			);
			name = Main.storyboard;
			sourceTree = "<group>";
		};
		4EC74B241C9F9913007347DA /* LaunchScreen.storyboard */ = {
			isa = PBXVariantGroup;
			children = (
				4EC74B251C9F9913007347DA /* Base */,
			);
			name = LaunchScreen.storyboard;
			sourceTree = "<group>";
		};
/* End PBXVariantGroup section */

/* Begin XCBuildConfiguration section */
		4EC74B281C9F9913007347DA /* Debug */ = {
			isa = XCBuildConfiguration;
			buildSettings = {
				ALWAYS_SEARCH_USER_PATHS = NO;
				CLANG_CXX_LANGUAGE_STANDARD = "gnu++0x";
				CLANG_CXX_LIBRARY = "libc++";
				CLANG_ENABLE_MODULES = YES;
				CLANG_ENABLE_OBJC_ARC = YES;
				CLANG_WARN_BOOL_CONVERSION = YES;
				CLANG_WARN_CONSTANT_CONVERSION = YES;
				CLANG_WARN_DIRECT_OBJC_ISA_USAGE = YES_ERROR;
				CLANG_WARN_EMPTY_BODY = YES;
				CLANG_WARN_ENUM_CONVERSION = YES;
				CLANG_WARN_INT_CONVERSION = YES;
				CLANG_WARN_OBJC_ROOT_CLASS = YES_ERROR;
				CLANG_WARN_UNREACHABLE_CODE = YES;
				CLANG_WARN__DUPLICATE_METHOD_MATCH = YES;
				"CODE_SIGN_IDENTITY[sdk=iphoneos*]" = "iPhone Developer";
				COPY_PHASE_STRIP = NO;
				DEBUG_INFORMATION_FORMAT = dwarf;
				ENABLE_STRICT_OBJC_MSGSEND = YES;
				ENABLE_TESTABILITY = YES;
				GCC_C_LANGUAGE_STANDARD = gnu99;
				GCC_DYNAMIC_NO_PIC = NO;
				GCC_NO_COMMON_BLOCKS = YES;
				GCC_OPTIMIZATION_LEVEL = 0;
				GCC_PREPROCESSOR_DEFINITIONS = (
					"DEBUG=1",
					"$(inherited)",
				);
				GCC_WARN_64_TO_32_BIT_CONVERSION = YES;
				GCC_WARN_ABOUT_RETURN_TYPE = YES_ERROR;
				GCC_WARN_UNDECLARED_SELECTOR = YES;
				GCC_WARN_UNINITIALIZED_AUTOS = YES_AGGRESSIVE;
				GCC_WARN_UNUSED_FUNCTION = YES;
				GCC_WARN_UNUSED_VARIABLE = YES;
				IPHONEOS_DEPLOYMENT_TARGET = 9.2;
				MTL_ENABLE_DEBUG_INFO = YES;
				ONLY_ACTIVE_ARCH = YES;
				SDKROOT = iphoneos;
				SWIFT_OPTIMIZATION_LEVEL = "-Onone";
			};
			name = Debug;
		};
		4EC74B291C9F9913007347DA /* Release */ = {
			isa = XCBuildConfiguration;
			buildSettings = {
				ALWAYS_SEARCH_USER_PATHS = NO;
				CLANG_CXX_LANGUAGE_STANDARD = "gnu++0x";
				CLANG_CXX_LIBRARY = "libc++";
				CLANG_ENABLE_MODULES = YES;
				CLANG_ENABLE_OBJC_ARC = YES;
				CLANG_WARN_BOOL_CONVERSION = YES;
				CLANG_WARN_CONSTANT_CONVERSION = YES;
				CLANG_WARN_DIRECT_OBJC_ISA_USAGE = YES_ERROR;
				CLANG_WARN_EMPTY_BODY = YES;
				CLANG_WARN_ENUM_CONVERSION = YES;
				CLANG_WARN_INT_CONVERSION = YES;
				CLANG_WARN_OBJC_ROOT_CLASS = YES_ERROR;
				CLANG_WARN_UNREACHABLE_CODE = YES;
				CLANG_WARN__DUPLICATE_METHOD_MATCH = YES;
				"CODE_SIGN_IDENTITY[sdk=iphoneos*]" = "iPhone Developer";
				COPY_PHASE_STRIP = NO;
				DEBUG_INFORMATION_FORMAT = "dwarf-with-dsym";
				ENABLE_NS_ASSERTIONS = NO;
				ENABLE_STRICT_OBJC_MSGSEND = YES;
				GCC_C_LANGUAGE_STANDARD = gnu99;
				GCC_NO_COMMON_BLOCKS = YES;
				GCC_WARN_64_TO_32_BIT_CONVERSION = YES;
				GCC_WARN_ABOUT_RETURN_TYPE = YES_ERROR;
				GCC_WARN_UNDECLARED_SELECTOR = YES;
				GCC_WARN_UNINITIALIZED_AUTOS = YES_AGGRESSIVE;
				GCC_WARN_UNUSED_FUNCTION = YES;
				GCC_WARN_UNUSED_VARIABLE = YES;
				IPHONEOS_DEPLOYMENT_TARGET = 9.2;
				MTL_ENABLE_DEBUG_INFO = NO;
				SDKROOT = iphoneos;
				VALIDATE_PRODUCT = YES;
			};
			name = Release;
		};
		4EC74B2B1C9F9913007347DA /* Debug */ = {
			isa = XCBuildConfiguration;
			baseConfigurationReference = 0CDE6024D30BF9C70369F511 /* Pods-YYImagePlaygrounds.debug.xcconfig */;
			buildSettings = {
				ASSETCATALOG_COMPILER_APPICON_NAME = AppIcon;
				INFOPLIST_FILE = YYImagePlaygrounds/Info.plist;
				LD_RUNPATH_SEARCH_PATHS = "$(inherited) @executable_path/Frameworks";
				PRODUCT_BUNDLE_IDENTIFIER = kr.pe.burt.YYImagePlaygrounds;
				PRODUCT_NAME = "$(TARGET_NAME)";
			};
			name = Debug;
		};
		4EC74B2C1C9F9913007347DA /* Release */ = {
			isa = XCBuildConfiguration;
			baseConfigurationReference = 8159C785B5DD067FCD536AC5 /* Pods-YYImagePlaygrounds.release.xcconfig */;
			buildSettings = {
				ASSETCATALOG_COMPILER_APPICON_NAME = AppIcon;
				INFOPLIST_FILE = YYImagePlaygrounds/Info.plist;
				LD_RUNPATH_SEARCH_PATHS = "$(inherited) @executable_path/Frameworks";
				PRODUCT_BUNDLE_IDENTIFIER = kr.pe.burt.YYImagePlaygrounds;
				PRODUCT_NAME = "$(TARGET_NAME)";
			};
			name = Release;
		};
/* End XCBuildConfiguration section */

/* Begin XCConfigurationList section */
		4EC74B131C9F9913007347DA /* Build configuration list for PBXProject "YYImagePlaygrounds" */ = {
			isa = XCConfigurationList;
			buildConfigurations = (
				4EC74B281C9F9913007347DA /* Debug */,
				4EC74B291C9F9913007347DA /* Release */,
			);
			defaultConfigurationIsVisible = 0;
			defaultConfigurationName = Release;
		};
		4EC74B2A1C9F9913007347DA /* Build configuration list for PBXNativeTarget "YYImagePlaygrounds" */ = {
			isa = XCConfigurationList;
			buildConfigurations = (
				4EC74B2B1C9F9913007347DA /* Debug */,
				4EC74B2C1C9F9913007347DA /* Release */,
			);
			defaultConfigurationIsVisible = 0;
			defaultConfigurationName = Release;
		};
/* End XCConfigurationList section */
	};
	rootObject = 4EC74B101C9F9913007347DA /* Project object */;
}
