// !$*UTF8*$!
{
	archiveVersion = 1;
	classes = {
	};
	objectVersion = 46;
	objects = {

/* Begin PBXBuildFile section */
		0B3D433407C8151BCEDEEA0C /* Pods_RenderUIElement.framework in Frameworks */ = {isa = PBXBuildFile; fileRef = 45F185531D40DF548F13E682 /* Pods_RenderUIElement.framework */; };
		4E8B078E1C9FE2A200BA5C37 /* AppDelegate.swift in Sources */ = {isa = PBXBuildFile; fileRef = 4E8B078D1C9FE2A200BA5C37 /* AppDelegate.swift */; };
		4E8B07901C9FE2A200BA5C37 /* ViewController.swift in Sources */ = {isa = PBXBuildFile; fileRef = 4E8B078F1C9FE2A200BA5C37 /* ViewController.swift */; };
		4E8B07931C9FE2A200BA5C37 /* Main.storyboard in Resources */ = {isa = PBXBuildFile; fileRef = 4E8B07911C9FE2A200BA5C37 /* Main.storyboard */; };
		4E8B07951C9FE2A200BA5C37 /* Assets.xcassets in Resources */ = {isa = PBXBuildFile; fileRef = 4E8B07941C9FE2A200BA5C37 /* Assets.xcassets */; };
		4E8B07981C9FE2A200BA5C37 /* LaunchScreen.storyboard in Resources */ = {isa = PBXBuildFile; fileRef = 4E8B07961C9FE2A200BA5C37 /* LaunchScreen.storyboard */; };
		4E8B07A31C9FE61200BA5C37 /* beard.png in Resources */ = {isa = PBXBuildFile; fileRef = 4E8B07A01C9FE61200BA5C37 /* beard.png */; };
		4E8B07A41C9FE61200BA5C37 /* christmas_hat.png in Resources */ = {isa = PBXBuildFile; fileRef = 4E8B07A11C9FE61200BA5C37 /* christmas_hat.png */; };
		4E8B07A51C9FE61200BA5C37 /* mustache.png in Resources */ = {isa = PBXBuildFile; fileRef = 4E8B07A21C9FE61200BA5C37 /* mustache.png */; };
/* End PBXBuildFile section */

/* Begin PBXFileReference section */
		20B2201C9AEE4A7C66039763 /* Pods-RenderUIElement.release.xcconfig */ = {isa = PBXFileReference; includeInIndex = 1; lastKnownFileType = text.xcconfig; name = "Pods-RenderUIElement.release.xcconfig"; path = "Pods/Target Support Files/Pods-RenderUIElement/Pods-RenderUIElement.release.xcconfig"; sourceTree = "<group>"; };
		45F185531D40DF548F13E682 /* Pods_RenderUIElement.framework */ = {isa = PBXFileReference; explicitFileType = wrapper.framework; includeInIndex = 0; path = Pods_RenderUIElement.framework; sourceTree = BUILT_PRODUCTS_DIR; };
		4E8B078A1C9FE2A200BA5C37 /* RenderUIElement.app */ = {isa = PBXFileReference; explicitFileType = wrapper.application; includeInIndex = 0; path = RenderUIElement.app; sourceTree = BUILT_PRODUCTS_DIR; };
		4E8B078D1C9FE2A200BA5C37 /* AppDelegate.swift */ = {isa = PBXFileReference; lastKnownFileType = sourcecode.swift; path = AppDelegate.swift; sourceTree = "<group>"; };
		4E8B078F1C9FE2A200BA5C37 /* ViewController.swift */ = {isa = PBXFileReference; lastKnownFileType = sourcecode.swift; path = ViewController.swift; sourceTree = "<group>"; };
		4E8B07921C9FE2A200BA5C37 /* Base */ = {isa = PBXFileReference; lastKnownFileType = file.storyboard; name = Base; path = Base.lproj/Main.storyboard; sourceTree = "<group>"; };
		4E8B07941C9FE2A200BA5C37 /* Assets.xcassets */ = {isa = PBXFileReference; lastKnownFileType = folder.assetcatalog; path = Assets.xcassets; sourceTree = "<group>"; };
		4E8B07971C9FE2A200BA5C37 /* Base */ = {isa = PBXFileReference; lastKnownFileType = file.storyboard; name = Base; path = Base.lproj/LaunchScreen.storyboard; sourceTree = "<group>"; };
		4E8B07991C9FE2A200BA5C37 /* Info.plist */ = {isa = PBXFileReference; lastKnownFileType = text.plist.xml; path = Info.plist; sourceTree = "<group>"; };
		4E8B07A01C9FE61200BA5C37 /* beard.png */ = {isa = PBXFileReference; lastKnownFileType = image.png; path = beard.png; sourceTree = "<group>"; };
		4E8B07A11C9FE61200BA5C37 /* christmas_hat.png */ = {isa = PBXFileReference; lastKnownFileType = image.png; path = christmas_hat.png; sourceTree = "<group>"; };
		4E8B07A21C9FE61200BA5C37 /* mustache.png */ = {isa = PBXFileReference; lastKnownFileType = image.png; path = mustache.png; sourceTree = "<group>"; };
		AFEB6530F0D9A5A30BB997C5 /* Pods-RenderUIElement.debug.xcconfig */ = {isa = PBXFileReference; includeInIndex = 1; lastKnownFileType = text.xcconfig; name = "Pods-RenderUIElement.debug.xcconfig"; path = "Pods/Target Support Files/Pods-RenderUIElement/Pods-RenderUIElement.debug.xcconfig"; sourceTree = "<group>"; };
/* End PBXFileReference section */

/* Begin PBXFrameworksBuildPhase section */
		4E8B07871C9FE2A200BA5C37 /* Frameworks */ = {
			isa = PBXFrameworksBuildPhase;
			buildActionMask = 2147483647;
			files = (
				0B3D433407C8151BCEDEEA0C /* Pods_RenderUIElement.framework in Frameworks */,
			);
			runOnlyForDeploymentPostprocessing = 0;
		};
/* End PBXFrameworksBuildPhase section */

/* Begin PBXGroup section */
		44E986FD71EC306F005FA5A8 /* Frameworks */ = {
			isa = PBXGroup;
			children = (
				45F185531D40DF548F13E682 /* Pods_RenderUIElement.framework */,
			);
			name = Frameworks;
			sourceTree = "<group>";
		};
		4E8B07811C9FE2A200BA5C37 = {
			isa = PBXGroup;
			children = (
				4E8B078C1C9FE2A200BA5C37 /* RenderUIElement */,
				4E8B078B1C9FE2A200BA5C37 /* Products */,
				BFF9E0B7AD2E03DF9347D4AE /* Pods */,
				44E986FD71EC306F005FA5A8 /* Frameworks */,
			);
			sourceTree = "<group>";
		};
		4E8B078B1C9FE2A200BA5C37 /* Products */ = {
			isa = PBXGroup;
			children = (
				4E8B078A1C9FE2A200BA5C37 /* RenderUIElement.app */,
			);
			name = Products;
			sourceTree = "<group>";
		};
		4E8B078C1C9FE2A200BA5C37 /* RenderUIElement */ = {
			isa = PBXGroup;
			children = (
				4E8B07A01C9FE61200BA5C37 /* beard.png */,
				4E8B07A11C9FE61200BA5C37 /* christmas_hat.png */,
				4E8B07A21C9FE61200BA5C37 /* mustache.png */,
				4E8B078D1C9FE2A200BA5C37 /* AppDelegate.swift */,
				4E8B078F1C9FE2A200BA5C37 /* ViewController.swift */,
				4E8B07911C9FE2A200BA5C37 /* Main.storyboard */,
				4E8B07941C9FE2A200BA5C37 /* Assets.xcassets */,
				4E8B07961C9FE2A200BA5C37 /* LaunchScreen.storyboard */,
				4E8B07991C9FE2A200BA5C37 /* Info.plist */,
			);
			path = RenderUIElement;
			sourceTree = "<group>";
		};
		BFF9E0B7AD2E03DF9347D4AE /* Pods */ = {
			isa = PBXGroup;
			children = (
				AFEB6530F0D9A5A30BB997C5 /* Pods-RenderUIElement.debug.xcconfig */,
				20B2201C9AEE4A7C66039763 /* Pods-RenderUIElement.release.xcconfig */,
			);
			name = Pods;
			sourceTree = "<group>";
		};
/* End PBXGroup section */

/* Begin PBXNativeTarget section */
		4E8B07891C9FE2A200BA5C37 /* RenderUIElement */ = {
			isa = PBXNativeTarget;
			buildConfigurationList = 4E8B079C1C9FE2A200BA5C37 /* Build configuration list for PBXNativeTarget "RenderUIElement" */;
			buildPhases = (
				41B552302E31203A9893488D /* Check Pods Manifest.lock */,
				4E8B07861C9FE2A200BA5C37 /* Sources */,
				4E8B07871C9FE2A200BA5C37 /* Frameworks */,
				4E8B07881C9FE2A200BA5C37 /* Resources */,
				0344CF3DBCC625787D7F27D0 /* Embed Pods Frameworks */,
				6D387A65EC8F1D7E2BD7FAEC /* Copy Pods Resources */,
			);
			buildRules = (
			);
			dependencies = (
			);
			name = RenderUIElement;
			productName = RenderUIElement;
			productReference = 4E8B078A1C9FE2A200BA5C37 /* RenderUIElement.app */;
			productType = "com.apple.product-type.application";
		};
/* End PBXNativeTarget section */

/* Begin PBXProject section */
		4E8B07821C9FE2A200BA5C37 /* Project object */ = {
			isa = PBXProject;
			attributes = {
				LastSwiftUpdateCheck = 0720;
				LastUpgradeCheck = 0720;
				ORGANIZATIONNAME = burt;
				TargetAttributes = {
					4E8B07891C9FE2A200BA5C37 = {
						CreatedOnToolsVersion = 7.2.1;
					};
				};
			};
			buildConfigurationList = 4E8B07851C9FE2A200BA5C37 /* Build configuration list for PBXProject "RenderUIElement" */;
			compatibilityVersion = "Xcode 3.2";
			developmentRegion = English;
			hasScannedForEncodings = 0;
			knownRegions = (
				en,
				Base,
			);
			mainGroup = 4E8B07811C9FE2A200BA5C37;
			productRefGroup = 4E8B078B1C9FE2A200BA5C37 /* Products */;
			projectDirPath = "";
			projectRoot = "";
			targets = (
				4E8B07891C9FE2A200BA5C37 /* RenderUIElement */,
			);
		};
/* End PBXProject section */

/* Begin PBXResourcesBuildPhase section */
		4E8B07881C9FE2A200BA5C37 /* Resources */ = {
			isa = PBXResourcesBuildPhase;
			buildActionMask = 2147483647;
			files = (
				4E8B07A41C9FE61200BA5C37 /* christmas_hat.png in Resources */,
				4E8B07981C9FE2A200BA5C37 /* LaunchScreen.storyboard in Resources */,
				4E8B07951C9FE2A200BA5C37 /* Assets.xcassets in Resources */,
				4E8B07A31C9FE61200BA5C37 /* beard.png in Resources */,
				4E8B07931C9FE2A200BA5C37 /* Main.storyboard in Resources */,
				4E8B07A51C9FE61200BA5C37 /* mustache.png in Resources */,
			);
			runOnlyForDeploymentPostprocessing = 0;
		};
/* End PBXResourcesBuildPhase section */

/* Begin PBXShellScriptBuildPhase section */
		0344CF3DBCC625787D7F27D0 /* Embed Pods Frameworks */ = {
			isa = PBXShellScriptBuildPhase;
			buildActionMask = 2147483647;
			files = (
			);
			inputPaths = (
			);
			name = "Embed Pods Frameworks";
			outputPaths = (
			);
			runOnlyForDeploymentPostprocessing = 0;
			shellPath = /bin/sh;
			shellScript = "\"${SRCROOT}/Pods/Target Support Files/Pods-RenderUIElement/Pods-RenderUIElement-frameworks.sh\"\n";
			showEnvVarsInLog = 0;
		};
		41B552302E31203A9893488D /* Check Pods Manifest.lock */ = {
			isa = PBXShellScriptBuildPhase;
			buildActionMask = 2147483647;
			files = (
			);
			inputPaths = (
			);
			name = "Check Pods Manifest.lock";
			outputPaths = (
			);
			runOnlyForDeploymentPostprocessing = 0;
			shellPath = /bin/sh;
			shellScript = "diff \"${PODS_ROOT}/../Podfile.lock\" \"${PODS_ROOT}/Manifest.lock\" > /dev/null\nif [[ $? != 0 ]] ; then\n    cat << EOM\nerror: The sandbox is not in sync with the Podfile.lock. Run 'pod install' or update your CocoaPods installation.\nEOM\n    exit 1\nfi\n";
			showEnvVarsInLog = 0;
		};
		6D387A65EC8F1D7E2BD7FAEC /* Copy Pods Resources */ = {
			isa = PBXShellScriptBuildPhase;
			buildActionMask = 2147483647;
			files = (
			);
			inputPaths = (
			);
			name = "Copy Pods Resources";
			outputPaths = (
			);
			runOnlyForDeploymentPostprocessing = 0;
			shellPath = /bin/sh;
			shellScript = "\"${SRCROOT}/Pods/Target Support Files/Pods-RenderUIElement/Pods-RenderUIElement-resources.sh\"\n";
			showEnvVarsInLog = 0;
		};
/* End PBXShellScriptBuildPhase section */

/* Begin PBXSourcesBuildPhase section */
		4E8B07861C9FE2A200BA5C37 /* Sources */ = {
			isa = PBXSourcesBuildPhase;
			buildActionMask = 2147483647;
			files = (
				4E8B07901C9FE2A200BA5C37 /* ViewController.swift in Sources */,
				4E8B078E1C9FE2A200BA5C37 /* AppDelegate.swift in Sources */,
			);
			runOnlyForDeploymentPostprocessing = 0;
		};
/* End PBXSourcesBuildPhase section */

/* Begin PBXVariantGroup section */
		4E8B07911C9FE2A200BA5C37 /* Main.storyboard */ = {
			isa = PBXVariantGroup;
			children = (
				4E8B07921C9FE2A200BA5C37 /* Base */,
			);
			name = Main.storyboard;
			sourceTree = "<group>";
		};
		4E8B07961C9FE2A200BA5C37 /* LaunchScreen.storyboard */ = {
			isa = PBXVariantGroup;
			children = (
				4E8B07971C9FE2A200BA5C37 /* Base */,
			);
			name = LaunchScreen.storyboard;
			sourceTree = "<group>";
		};
/* End PBXVariantGroup section */

/* Begin XCBuildConfiguration section */
		4E8B079A1C9FE2A200BA5C37 /* Debug */ = {
			isa = XCBuildConfiguration;
			buildSettings = {
				ALWAYS_SEARCH_USER_PATHS = NO;
				CLANG_CXX_LANGUAGE_STANDARD = "gnu++0x";
				CLANG_CXX_LIBRARY = "libc++";
				CLANG_ENABLE_MODULES = YES;
				CLANG_ENABLE_OBJC_ARC = YES;
				CLANG_WARN_BOOL_CONVERSION = YES;
				CLANG_WARN_CONSTANT_CONVERSION = YES;
				CLANG_WARN_DIRECT_OBJC_ISA_USAGE = YES_ERROR;
				CLANG_WARN_EMPTY_BODY = YES;
				CLANG_WARN_ENUM_CONVERSION = YES;
				CLANG_WARN_INT_CONVERSION = YES;
				CLANG_WARN_OBJC_ROOT_CLASS = YES_ERROR;
				CLANG_WARN_UNREACHABLE_CODE = YES;
				CLANG_WARN__DUPLICATE_METHOD_MATCH = YES;
				"CODE_SIGN_IDENTITY[sdk=iphoneos*]" = "iPhone Developer";
				COPY_PHASE_STRIP = NO;
				DEBUG_INFORMATION_FORMAT = dwarf;
				ENABLE_STRICT_OBJC_MSGSEND = YES;
				ENABLE_TESTABILITY = YES;
				GCC_C_LANGUAGE_STANDARD = gnu99;
				GCC_DYNAMIC_NO_PIC = NO;
				GCC_NO_COMMON_BLOCKS = YES;
				GCC_OPTIMIZATION_LEVEL = 0;
				GCC_PREPROCESSOR_DEFINITIONS = (
					"DEBUG=1",
					"$(inherited)",
				);
				GCC_WARN_64_TO_32_BIT_CONVERSION = YES;
				GCC_WARN_ABOUT_RETURN_TYPE = YES_ERROR;
				GCC_WARN_UNDECLARED_SELECTOR = YES;
				GCC_WARN_UNINITIALIZED_AUTOS = YES_AGGRESSIVE;
				GCC_WARN_UNUSED_FUNCTION = YES;
				GCC_WARN_UNUSED_VARIABLE = YES;
				IPHONEOS_DEPLOYMENT_TARGET = 9.2;
				MTL_ENABLE_DEBUG_INFO = YES;
				ONLY_ACTIVE_ARCH = YES;
				SDKROOT = iphoneos;
				SWIFT_OPTIMIZATION_LEVEL = "-Onone";
			};
			name = Debug;
		};
		4E8B079B1C9FE2A200BA5C37 /* Release */ = {
			isa = XCBuildConfiguration;
			buildSettings = {
				ALWAYS_SEARCH_USER_PATHS = NO;
				CLANG_CXX_LANGUAGE_STANDARD = "gnu++0x";
				CLANG_CXX_LIBRARY = "libc++";
				CLANG_ENABLE_MODULES = YES;
				CLANG_ENABLE_OBJC_ARC = YES;
				CLANG_WARN_BOOL_CONVERSION = YES;
				CLANG_WARN_CONSTANT_CONVERSION = YES;
				CLANG_WARN_DIRECT_OBJC_ISA_USAGE = YES_ERROR;
				CLANG_WARN_EMPTY_BODY = YES;
				CLANG_WARN_ENUM_CONVERSION = YES;
				CLANG_WARN_INT_CONVERSION = YES;
				CLANG_WARN_OBJC_ROOT_CLASS = YES_ERROR;
				CLANG_WARN_UNREACHABLE_CODE = YES;
				CLANG_WARN__DUPLICATE_METHOD_MATCH = YES;
				"CODE_SIGN_IDENTITY[sdk=iphoneos*]" = "iPhone Developer";
				COPY_PHASE_STRIP = NO;
				DEBUG_INFORMATION_FORMAT = "dwarf-with-dsym";
				ENABLE_NS_ASSERTIONS = NO;
				ENABLE_STRICT_OBJC_MSGSEND = YES;
				GCC_C_LANGUAGE_STANDARD = gnu99;
				GCC_NO_COMMON_BLOCKS = YES;
				GCC_WARN_64_TO_32_BIT_CONVERSION = YES;
				GCC_WARN_ABOUT_RETURN_TYPE = YES_ERROR;
				GCC_WARN_UNDECLARED_SELECTOR = YES;
				GCC_WARN_UNINITIALIZED_AUTOS = YES_AGGRESSIVE;
				GCC_WARN_UNUSED_FUNCTION = YES;
				GCC_WARN_UNUSED_VARIABLE = YES;
				IPHONEOS_DEPLOYMENT_TARGET = 9.2;
				MTL_ENABLE_DEBUG_INFO = NO;
				SDKROOT = iphoneos;
				VALIDATE_PRODUCT = YES;
			};
			name = Release;
		};
		4E8B079D1C9FE2A200BA5C37 /* Debug */ = {
			isa = XCBuildConfiguration;
			baseConfigurationReference = AFEB6530F0D9A5A30BB997C5 /* Pods-RenderUIElement.debug.xcconfig */;
			buildSettings = {
				ASSETCATALOG_COMPILER_APPICON_NAME = AppIcon;
				INFOPLIST_FILE = RenderUIElement/Info.plist;
				IPHONEOS_DEPLOYMENT_TARGET = 8.1;
				LD_RUNPATH_SEARCH_PATHS = "$(inherited) @executable_path/Frameworks";
				PRODUCT_BUNDLE_IDENTIFIER = kr.pe.burt.RenderUIElement;
				PRODUCT_NAME = "$(TARGET_NAME)";
			};
			name = Debug;
		};
		4E8B079E1C9FE2A200BA5C37 /* Release */ = {
			isa = XCBuildConfiguration;
			baseConfigurationReference = 20B2201C9AEE4A7C66039763 /* Pods-RenderUIElement.release.xcconfig */;
			buildSettings = {
				ASSETCATALOG_COMPILER_APPICON_NAME = AppIcon;
				INFOPLIST_FILE = RenderUIElement/Info.plist;
				IPHONEOS_DEPLOYMENT_TARGET = 8.1;
				LD_RUNPATH_SEARCH_PATHS = "$(inherited) @executable_path/Frameworks";
				PRODUCT_BUNDLE_IDENTIFIER = kr.pe.burt.RenderUIElement;
				PRODUCT_NAME = "$(TARGET_NAME)";
			};
			name = Release;
		};
/* End XCBuildConfiguration section */

/* Begin XCConfigurationList section */
		4E8B07851C9FE2A200BA5C37 /* Build configuration list for PBXProject "RenderUIElement" */ = {
			isa = XCConfigurationList;
			buildConfigurations = (
				4E8B079A1C9FE2A200BA5C37 /* Debug */,
				4E8B079B1C9FE2A200BA5C37 /* Release */,
			);
			defaultConfigurationIsVisible = 0;
			defaultConfigurationName = Release;
		};
		4E8B079C1C9FE2A200BA5C37 /* Build configuration list for PBXNativeTarget "RenderUIElement" */ = {
			isa = XCConfigurationList;
			buildConfigurations = (
				4E8B079D1C9FE2A200BA5C37 /* Debug */,
				4E8B079E1C9FE2A200BA5C37 /* Release */,
			);
			defaultConfigurationIsVisible = 0;
			defaultConfigurationName = Release;
		};
/* End XCConfigurationList section */
	};
	rootObject = 4E8B07821C9FE2A200BA5C37 /* Project object */;
}
